
Microsoft Visual Studio Solution File, Format Version 12.00
# Visual Studio Version 17
VisualStudioVersion = 17.14.36518.9 d17.14
MinimumVisualStudioVersion = 10.0.40219.1
Project("{FAE04EC0-301F-11D3-BF4B-00C04F79EFBC}") = "Smith_Jeffrey_CC4-2", "Smith_Jeffrey_CC4-2\Smith_Jeffrey_CC4-2.csproj", "{4F3C4DAD-F2B2-46BB-905D-349535E8DAB6}"
EndProject
Global
	GlobalSection(SolutionConfigurationPlatforms) = preSolution
		Debug|Any CPU = Debug|Any CPU
		Release|Any CPU = Release|Any CPU
	EndGlobalSection
	GlobalSection(ProjectConfigurationPlatforms) = postSolution
		{4F3C4DAD-F2B2-46BB-905D-349535E8DAB6}.Debug|Any CPU.ActiveCfg = Debug|Any CPU
		{4F3C4DAD-F2B2-46BB-905D-349535E8DAB6}.Debug|Any CPU.Build.0 = Debug|Any CPU
		{4F3C4DAD-F2B2-46BB-905D-349535E8DAB6}.Release|Any CPU.ActiveCfg = Release|Any CPU
		{4F3C4DAD-F2B2-46BB-905D-349535E8DAB6}.Release|Any CPU.Build.0 = Release|Any CPU
	EndGlobalSection
	GlobalSection(SolutionProperties) = preSolution
		HideSolutionNode = FALSE
	EndGlobalSection
	GlobalSection(ExtensibilityGlobals) = postSolution
		SolutionGuid = {799E0449-2C06-402F-B027-6507A97A92DD}
	EndGlobalSection
EndGlobal
