
Microsoft Visual Studio Solution File, Format Version 12.00
# Visual Studio Version 17
VisualStudioVersion = 17.14.36414.22 d17.14
MinimumVisualStudioVersion = 10.0.40219.1
Project("{FAE04EC0-301F-11D3-BF4B-00C04F79EFBC}") = "10-1 15", "10-1 15\10-1 15.csproj", "{F21FCD2B-EFC7-4837-B2BD-F7F4E35DCF54}"
EndProject
Global
	GlobalSection(SolutionConfigurationPlatforms) = preSolution
		Debug|Any CPU = Debug|Any CPU
		Release|Any CPU = Release|Any CPU
	EndGlobalSection
	GlobalSection(ProjectConfigurationPlatforms) = postSolution
		{F21FCD2B-EFC7-4837-B2BD-F7F4E35DCF54}.Debug|Any CPU.ActiveCfg = Debug|Any CPU
		{F21FCD2B-EFC7-4837-B2BD-F7F4E35DCF54}.Debug|Any CPU.Build.0 = Debug|Any CPU
		{F21FCD2B-EFC7-4837-B2BD-F7F4E35DCF54}.Release|Any CPU.ActiveCfg = Release|Any CPU
		{F21FCD2B-EFC7-4837-B2BD-F7F4E35DCF54}.Release|Any CPU.Build.0 = Release|Any CPU
	EndGlobalSection
	GlobalSection(SolutionProperties) = preSolution
		HideSolutionNode = FALSE
	EndGlobalSection
	GlobalSection(ExtensibilityGlobals) = postSolution
		SolutionGuid = {5132347B-2721-470F-8369-A0CC0B92938C}
	EndGlobalSection
EndGlobal
