
Microsoft Visual Studio Solution File, Format Version 12.00
# Visual Studio Version 17
VisualStudioVersion = 17.14.36518.9 d17.14
MinimumVisualStudioVersion = 10.0.40219.1
Project("{FAE04EC0-301F-11D3-BF4B-00C04F79EFBC}") = "Smith_Jeffrey_CC4Q3", "Smith_Jeffrey_CC4Q3\Smith_Jeffrey_CC4Q3.csproj", "{EF3F2BD6-0705-4716-991F-CA35A00569B6}"
EndProject
Global
	GlobalSection(SolutionConfigurationPlatforms) = preSolution
		Debug|Any CPU = Debug|Any CPU
		Release|Any CPU = Release|Any CPU
	EndGlobalSection
	GlobalSection(ProjectConfigurationPlatforms) = postSolution
		{EF3F2BD6-0705-4716-991F-CA35A00569B6}.Debug|Any CPU.ActiveCfg = Debug|Any CPU
		{EF3F2BD6-0705-4716-991F-CA35A00569B6}.Debug|Any CPU.Build.0 = Debug|Any CPU
		{EF3F2BD6-0705-4716-991F-CA35A00569B6}.Release|Any CPU.ActiveCfg = Release|Any CPU
		{EF3F2BD6-0705-4716-991F-CA35A00569B6}.Release|Any CPU.Build.0 = Release|Any CPU
	EndGlobalSection
	GlobalSection(SolutionProperties) = preSolution
		HideSolutionNode = FALSE
	EndGlobalSection
	GlobalSection(ExtensibilityGlobals) = postSolution
		SolutionGuid = {1CAF406D-F9E9-4B30-8324-9E967D4541AC}
	EndGlobalSection
EndGlobal
