
Microsoft Visual Studio Solution File, Format Version 12.00
# Visual Studio Version 17
VisualStudioVersion = 17.14.36518.9 d17.14
MinimumVisualStudioVersion = 10.0.40219.1
Project("{8BC9CEB8-8B4A-11D0-8D11-00A0C91BC942}") = "Update13-14", "Update13-14\Update13-14.vcxproj", "{E559D4CE-3CD0-4BD3-906F-6E76AE7AA18F}"
EndProject
Global
	GlobalSection(SolutionConfigurationPlatforms) = preSolution
		Debug|x64 = Debug|x64
		Debug|x86 = Debug|x86
		Release|x64 = Release|x64
		Release|x86 = Release|x86
	EndGlobalSection
	GlobalSection(ProjectConfigurationPlatforms) = postSolution
		{E559D4CE-3CD0-4BD3-906F-6E76AE7AA18F}.Debug|x64.ActiveCfg = Debug|x64
		{E559D4CE-3CD0-4BD3-906F-6E76AE7AA18F}.Debug|x64.Build.0 = Debug|x64
		{E559D4CE-3CD0-4BD3-906F-6E76AE7AA18F}.Debug|x86.ActiveCfg = Debug|Win32
		{E559D4CE-3CD0-4BD3-906F-6E76AE7AA18F}.Debug|x86.Build.0 = Debug|Win32
		{E559D4CE-3CD0-4BD3-906F-6E76AE7AA18F}.Release|x64.ActiveCfg = Release|x64
		{E559D4CE-3CD0-4BD3-906F-6E76AE7AA18F}.Release|x64.Build.0 = Release|x64
		{E559D4CE-3CD0-4BD3-906F-6E76AE7AA18F}.Release|x86.ActiveCfg = Release|Win32
		{E559D4CE-3CD0-4BD3-906F-6E76AE7AA18F}.Release|x86.Build.0 = Release|Win32
	EndGlobalSection
	GlobalSection(SolutionProperties) = preSolution
		HideSolutionNode = FALSE
	EndGlobalSection
	GlobalSection(ExtensibilityGlobals) = postSolution
		SolutionGuid = {8CF5E556-3324-4DF0-B307-C25A70740700}
	EndGlobalSection
EndGlobal
