
Microsoft Visual Studio Solution File, Format Version 12.00
# Visual Studio Version 17
VisualStudioVersion = 17.14.36414.22 d17.14
MinimumVisualStudioVersion = 10.0.40219.1
Project("{FAE04EC0-301F-11D3-BF4B-00C04F79EFBC}") = "Coding Challeng 1", "Coding Challeng 1\Coding Challeng 1.csproj", "{80FBA499-8447-4390-BDCF-05C0E605E9FC}"
EndProject
Global
	GlobalSection(SolutionConfigurationPlatforms) = preSolution
		Debug|Any CPU = Debug|Any CPU
		Release|Any CPU = Release|Any CPU
	EndGlobalSection
	GlobalSection(ProjectConfigurationPlatforms) = postSolution
		{80FBA499-8447-4390-BDCF-05C0E605E9FC}.Debug|Any CPU.ActiveCfg = Debug|Any CPU
		{80FBA499-8447-4390-BDCF-05C0E605E9FC}.Debug|Any CPU.Build.0 = Debug|Any CPU
		{80FBA499-8447-4390-BDCF-05C0E605E9FC}.Release|Any CPU.ActiveCfg = Release|Any CPU
		{80FBA499-8447-4390-BDCF-05C0E605E9FC}.Release|Any CPU.Build.0 = Release|Any CPU
	EndGlobalSection
	GlobalSection(SolutionProperties) = preSolution
		HideSolutionNode = FALSE
	EndGlobalSection
	GlobalSection(ExtensibilityGlobals) = postSolution
		SolutionGuid = {BBD9476F-1E68-4B9C-B807-B4DBDD08DC52}
	EndGlobalSection
EndGlobal
