
Microsoft Visual Studio Solution File, Format Version 12.00
# Visual Studio Version 17
VisualStudioVersion = 17.14.36414.22 d17.14
MinimumVisualStudioVersion = 10.0.40219.1
Project("{FAE04EC0-301F-11D3-BF4B-00C04F79EFBC}") = "CodingAssignment1", "CodingAssignment1\CodingAssignment1.csproj", "{EB28416D-6FD8-4D10-B018-0DAD0E551D49}"
EndProject
Global
	GlobalSection(SolutionConfigurationPlatforms) = preSolution
		Debug|Any CPU = Debug|Any CPU
		Release|Any CPU = Release|Any CPU
	EndGlobalSection
	GlobalSection(ProjectConfigurationPlatforms) = postSolution
		{EB28416D-6FD8-4D10-B018-0DAD0E551D49}.Debug|Any CPU.ActiveCfg = Debug|Any CPU
		{EB28416D-6FD8-4D10-B018-0DAD0E551D49}.Debug|Any CPU.Build.0 = Debug|Any CPU
		{EB28416D-6FD8-4D10-B018-0DAD0E551D49}.Release|Any CPU.ActiveCfg = Release|Any CPU
		{EB28416D-6FD8-4D10-B018-0DAD0E551D49}.Release|Any CPU.Build.0 = Release|Any CPU
	EndGlobalSection
	GlobalSection(SolutionProperties) = preSolution
		HideSolutionNode = FALSE
	EndGlobalSection
	GlobalSection(ExtensibilityGlobals) = postSolution
		SolutionGuid = {A8D4E457-F8DF-4401-B81D-BE5CDEA12301}
	EndGlobalSection
EndGlobal
